
Microsoft Visual Studio Solution File, Format Version 12.00
# Visual Studio Version 17
VisualStudioVersion = 17.9.34622.214
MinimumVisualStudioVersion = 10.0.40219.1
Project("{FAE04EC0-301F-11D3-BF4B-00C04F79EFBC}") = "ShifrApp", "ShifrApp\ShifrApp.csproj", "{1BFAB06E-F93C-4F46-9B49-C2257BCE1B5E}"
EndProject
Global
	GlobalSection(SolutionConfigurationPlatforms) = preSolution
		Debug|Any CPU = Debug|Any CPU
		Release|Any CPU = Release|Any CPU
	EndGlobalSection
	GlobalSection(ProjectConfigurationPlatforms) = postSolution
		{1BFAB06E-F93C-4F46-9B49-C2257BCE1B5E}.Debug|Any CPU.ActiveCfg = Debug|Any CPU
		{1BFAB06E-F93C-4F46-9B49-C2257BCE1B5E}.Debug|Any CPU.Build.0 = Debug|Any CPU
		{1BFAB06E-F93C-4F46-9B49-C2257BCE1B5E}.Release|Any CPU.ActiveCfg = Release|Any CPU
		{1BFAB06E-F93C-4F46-9B49-C2257BCE1B5E}.Release|Any CPU.Build.0 = Release|Any CPU
	EndGlobalSection
	GlobalSection(SolutionProperties) = preSolution
		HideSolutionNode = FALSE
	EndGlobalSection
	GlobalSection(ExtensibilityGlobals) = postSolution
		SolutionGuid = {1AAD1572-2CFE-452C-A703-20427E5789F2}
	EndGlobalSection
EndGlobal
